{
  "name": "roblox-iwa",
  "version": "1.0.0",
  "lockfileVersion": 3,
  "requires": true,
  "packages": {
    "": {
      "name": "roblox-iwa",
      "version": "1.0.0",
      "dependencies": {
        "@mercuryworkshop/bare-mux": "^2.1.9",
        "@mercuryworkshop/epoxy-transport": "^3.0.1",
        "@mercuryworkshop/wisp-js": "^0.5.0",
        "bare-server-node": "^2.0.3",
        "wbn": "^0.0.9",
        "wbn-sign": "^0.3.1"
      }
    },
    "node_modules/@mercuryworkshop/bare-mux": {
      "version": "2.1.9",
      "resolved": "https://registry.npmjs.org/@mercuryworkshop/bare-mux/-/bare-mux-2.1.9.tgz",
      "integrity": "sha512-fiOqWm3VP0Bl8T+0l+qnb7ab9zO+PpKVbtJvOnMsefUv6kWIaoDtqyr9hd/t4gA8oBwgtyZVqIwO2J9nKY9ylw=="
    },
    "node_modules/@mercuryworkshop/epoxy-tls": {
      "version": "2.1.19-1",
      "resolved": "https://registry.npmjs.org/@mercuryworkshop/epoxy-tls/-/epoxy-tls-2.1.19-1.tgz",
      "integrity": "sha512-lF3WVDmKDWfClgFaDm1OAGI6PStcUUKUjNh2AJbfmLXEGh+dT4nvsuTY2QGRImnajCboIRyrpx9eGNY0egZSVg==",
      "license": "AGPL-3.0-only"
    },
    "node_modules/@mercuryworkshop/epoxy-transport": {
      "version": "3.0.1",
      "resolved": "https://registry.npmjs.org/@mercuryworkshop/epoxy-transport/-/epoxy-transport-3.0.1.tgz",
      "integrity": "sha512-8YzL73WaXZJLBRydmmY6NNPt5leB8ygBYuqgLn4+pGQ+wgi+JUC7ZdBQrA86TR6Oue3twbdfDvLRp48bzZ7DSw==",
      "license": "AGPL-3.0-only",
      "dependencies": {
        "@mercuryworkshop/epoxy-tls": "2.1.19-1"
      }
    },
    "node_modules/@mercuryworkshop/wisp-js": {
      "version": "0.5.0",
      "resolved": "https://registry.npmjs.org/@mercuryworkshop/wisp-js/-/wisp-js-0.5.0.tgz",
      "integrity": "sha512-YIPnONZdMYRXLdttL/zQM2PwjHQw3LfNPWTP54Lqhehs79lcORY8rwv5j7bGnuz9S31rZIh1OEzldubE9dtnoA==",
      "license": "LGPL-3.0-or-later",
      "dependencies": {
        "bufferutil": "^4.1.0",
        "commander": "^15.0.0",
        "ipaddr.js": "^2.5.0",
        "ws": "^8.21.3"
      },
      "bin": {
        "wisp-js-server": "src/bin/server_cli.mjs"
      }
    },
    "node_modules/@mercuryworkshop/wisp-js/node_modules/commander": {
      "version": "15.0.0",
      "resolved": "https://registry.npmjs.org/commander/-/commander-15.0.0.tgz",
      "integrity": "sha512-z67u4ZhzCL/Tydu1lJARtEZYWbWaN7oYLHbsuzocr6y4N6WZAagG3RQ4FW61V1/0+jImpj293XfrcYnd1qxtPg==",
      "license": "MIT",
      "engines": {
        "node": ">=22.12.0"
      }
    },
    "node_modules/async-exit-hook": {
      "version": "2.0.1",
      "resolved": "https://registry.npmjs.org/async-exit-hook/-/async-exit-hook-2.0.1.tgz",
      "integrity": "sha512-NW2cX8m1Q7KPA7a5M2ULQeZ2wR5qI5PAbw5L0UOMxdioVk9PMZ0h1TmyZEkPYrCvYjDlFICusOu1dlEKAAeXBw==",
      "license": "MIT",
      "engines": {
        "node": ">=0.12.0"
      }
    },
    "node_modules/bare-server-node": {
      "version": "2.0.3",
      "resolved": "https://registry.npmjs.org/bare-server-node/-/bare-server-node-2.0.3.tgz",
      "integrity": "sha512-3M/CYwNhp/ENQ2ovJSqqWgo0/e22Ao8jJaRM6sr6dnvyPUhNvIDw4SQqJQgJ4wFu4+v+9hIfGUNlZZ6e2y4EBw==",
      "license": "GPL-3.0",
      "dependencies": {
        "async-exit-hook": "^2.0.1",
        "commander": "^10.0.1",
        "dotenv": "^16.0.3",
        "http-errors": "^2.0.0",
        "ipaddr.js": "^2.1.0",
        "source-map-support": "^0.5.21",
        "ws": "^8.18.0"
      },
      "bin": {
        "bare-server-node": "bin.js"
      },
      "engines": {
        "node": ">=18.0.0"
      }
    },
    "node_modules/bare-server-node/node_modules/commander": {
      "version": "10.0.1",
      "resolved": "https://registry.npmjs.org/commander/-/commander-10.0.1.tgz",
      "integrity": "sha512-y4Mg2tXshplEbSGzx7amzPwKKOCGuoSRP/CjEdwwk0FOGlUbq6lKuoyDZTNZkmxHdJtp54hdfY/JUrdL7Xfdug==",
      "license": "MIT",
      "engines": {
        "node": ">=14"
      }
    },
    "node_modules/base32-encode": {
      "version": "2.0.0",
      "resolved": "https://registry.npmjs.org/base32-encode/-/base32-encode-2.0.0.tgz",
      "integrity": "sha512-mlmkfc2WqdDtMl/id4qm3A7RjW6jxcbAoMjdRmsPiwQP0ufD4oXItYMnPgVHe80lnAIy+1xwzhHE1s4FoIceSw==",
      "license": "MIT",
      "dependencies": {
        "to-data-view": "^2.0.0"
      },
      "engines": {
        "node": "^12.20.0 || ^14.13.1 || >=16.0.0"
      }
    },
    "node_modules/buffer-from": {
      "version": "1.1.2",
      "resolved": "https://registry.npmjs.org/buffer-from/-/buffer-from-1.1.2.tgz",
      "integrity": "sha512-E+XQCRwSbaaiChtv6k6Dwgc+bx+Bs6vuKJHHl5kox/BaKbhiXzqQOwK4cO22yElGp2OCmjwVhT3HmxgyPGnJfQ==",
      "license": "MIT"
    },
    "node_modules/bufferutil": {
      "version": "4.1.0",
      "resolved": "https://registry.npmjs.org/bufferutil/-/bufferutil-4.1.0.tgz",
      "integrity": "sha512-ZMANVnAixE6AWWnPzlW2KpUrxhm9woycYvPOo67jWHyFowASTEd9s+QN1EIMsSDtwhIxN4sWE1jotpuDUIgyIw==",
      "hasInstallScript": true,
      "license": "MIT",
      "dependencies": {
        "node-gyp-build": "^4.3.0"
      },
      "engines": {
        "node": ">=6.14.2"
      }
    },
    "node_modules/cborg": {
      "version": "1.10.2",
      "resolved": "https://registry.npmjs.org/cborg/-/cborg-1.10.2.tgz",
      "integrity": "sha512-b3tFPA9pUr2zCUiCfRd2+wok2/LBSNUMKOuRRok+WlvvAgEt/PlbgPTsZUcwCOs53IJvLgTp0eotwtosE6njug==",
      "license": "Apache-2.0",
      "bin": {
        "cborg": "cli.js"
      }
    },
    "node_modules/commander": {
      "version": "4.1.1",
      "resolved": "https://registry.npmjs.org/commander/-/commander-4.1.1.tgz",
      "integrity": "sha512-NOKm8xhkzAjzFx8B2v5OAHT+u5pRQc2UCa2Vq9jYL/31o2wi9mxBA7LIFs3sV5VSC49z6pEhfbMULvShKj26WA==",
      "license": "MIT",
      "engines": {
        "node": ">= 6"
      }
    },
    "node_modules/depd": {
      "version": "2.0.0",
      "resolved": "https://registry.npmjs.org/depd/-/depd-2.0.0.tgz",
      "integrity": "sha512-g7nH6P6dyDioJogAAGprGpCtVImJhpPk/roCzdb3fIh61/s/nPsfR6onyMwkCAR/OlC3yBC0lESvUoQEAssIrw==",
      "license": "MIT",
      "engines": {
        "node": ">= 0.8"
      }
    },
    "node_modules/dotenv": {
      "version": "16.6.1",
      "resolved": "https://registry.npmjs.org/dotenv/-/dotenv-16.6.1.tgz",
      "integrity": "sha512-uBq4egWHTcTt33a72vpSG0z3HnPuIl6NqYcTrKEg2azoEyl2hpW0zqlxysq2pK9HlDIHyHyakeYaYnSAwd8bow==",
      "license": "BSD-2-Clause",
      "engines": {
        "node": ">=12"
      },
      "funding": {
        "url": "https://dotenvx.com"
      }
    },
    "node_modules/http-errors": {
      "version": "2.0.1",
      "resolved": "https://registry.npmjs.org/http-errors/-/http-errors-2.0.1.tgz",
      "integrity": "sha512-4FbRdAX+bSdmo4AUFuS0WNiPz8NgFt+r8ThgNWmlrjQjt1Q7ZR9+zTlce2859x4KSXrwIsaeTqDoKQmtP8pLmQ==",
      "license": "MIT",
      "dependencies": {
        "depd": "~2.0.0",
        "inherits": "~2.0.4",
        "setprototypeof": "~1.2.0",
        "statuses": "~2.0.2",
        "toidentifier": "~1.0.1"
      },
      "engines": {
        "node": ">= 0.8"
      },
      "funding": {
        "type": "opencollective",
        "url": "https://opencollective.com/express"
      }
    },
    "node_modules/inherits": {
      "version": "2.0.4",
      "resolved": "https://registry.npmjs.org/inherits/-/inherits-2.0.4.tgz",
      "integrity": "sha512-k/vGaX4/Yla3WzyMCvTQOXYeIHvqOKtnqBduzTHpzpQZzAskKMhZ2K+EnBiSM9zGSoIFeMpXKxa4dYeZIQqewQ==",
      "license": "ISC"
    },
    "node_modules/ipaddr.js": {
      "version": "2.5.0",
      "resolved": "https://registry.npmjs.org/ipaddr.js/-/ipaddr.js-2.5.0.tgz",
      "integrity": "sha512-aq+t5NAc+cS6rZQQVWC2x98CPqGtKKTMDd4Gaodv0wShnItdKg/51djkGJ1hqH+Oy0ivDftCbSLCQob8zso01w==",
      "license": "MIT",
      "engines": {
        "node": ">= 10"
      }
    },
    "node_modules/mime": {
      "version": "2.6.0",
      "resolved": "https://registry.npmjs.org/mime/-/mime-2.6.0.tgz",
      "integrity": "sha512-USPkMeET31rOMiarsBNIHZKLGgvKc/LrjofAnBlOttf5ajRvqiRA8QsenbcooctK6d6Ts6aqZXBA+XbkKthiQg==",
      "license": "MIT",
      "bin": {
        "mime": "cli.js"
      },
      "engines": {
        "node": ">=4.0.0"
      }
    },
    "node_modules/mute-stream": {
      "version": "1.0.0",
      "resolved": "https://registry.npmjs.org/mute-stream/-/mute-stream-1.0.0.tgz",
      "integrity": "sha512-avsJQhyd+680gKXyG/sQc0nXaC6rBkPOfyHYcFb9+hdkqQkR9bdnkJ0AMZhke0oesPqIO+mFFJ+IdBc7mst4IA==",
      "license": "ISC",
      "engines": {
        "node": "^14.17.0 || ^16.13.0 || >=18.0.0"
      }
    },
    "node_modules/node-gyp-build": {
      "version": "4.8.4",
      "resolved": "https://registry.npmjs.org/node-gyp-build/-/node-gyp-build-4.8.4.tgz",
      "integrity": "sha512-LA4ZjwlnUblHVgq0oBF3Jl/6h/Nvs5fzBLwdEF4nuxnFdsfajde4WfxtJr3CaiH+F6ewcIB/q4jQ4UzPyid+CQ==",
      "license": "MIT",
      "bin": {
        "node-gyp-build": "bin.js",
        "node-gyp-build-optional": "optional.js",
        "node-gyp-build-test": "build-test.js"
      }
    },
    "node_modules/picocolors": {
      "version": "1.1.1",
      "resolved": "https://registry.npmjs.org/picocolors/-/picocolors-1.1.1.tgz",
      "integrity": "sha512-xceH2snhtb5M9liqDsmEw56le376mTZkEX/jEb/RxNFyegNul7eNslCXP9FDj/Lcu0X8KEyMceP2ntpaHrDEVA==",
      "license": "ISC"
    },
    "node_modules/read": {
      "version": "2.1.0",
      "resolved": "https://registry.npmjs.org/read/-/read-2.1.0.tgz",
      "integrity": "sha512-bvxi1QLJHcaywCAEsAk4DG3nVoqiY2Csps3qzWalhj5hFqRn1d/OixkFXtLO1PrgHUcAP0FNaSY/5GYNfENFFQ==",
      "license": "ISC",
      "dependencies": {
        "mute-stream": "~1.0.0"
      },
      "engines": {
        "node": "^14.17.0 || ^16.13.0 || >=18.0.0"
      }
    },
    "node_modules/setprototypeof": {
      "version": "1.2.0",
      "resolved": "https://registry.npmjs.org/setprototypeof/-/setprototypeof-1.2.0.tgz",
      "integrity": "sha512-E5LDX7Wrp85Kil5bhZv46j8jOeboKq5JMmYM3gVGdGH8xFpPWXUMsNrlODCrkoxMEeNi/XZIwuRvY4XNwYMJpw==",
      "license": "ISC"
    },
    "node_modules/source-map": {
      "version": "0.6.1",
      "resolved": "https://registry.npmjs.org/source-map/-/source-map-0.6.1.tgz",
      "integrity": "sha512-UjgapumWlbMhkBgzT7Ykc5YXUT46F0iKu8SGXq0bcwP5dz/h0Plj6enJqjz1Zbq2l5WaqYnrVbwWOWMyF3F47g==",
      "license": "BSD-3-Clause",
      "engines": {
        "node": ">=0.10.0"
      }
    },
    "node_modules/source-map-support": {
      "version": "0.5.21",
      "resolved": "https://registry.npmjs.org/source-map-support/-/source-map-support-0.5.21.tgz",
      "integrity": "sha512-uBHU3L3czsIyYXKX88fdrGovxdSCoTGDRZ6SYXtSRxLZUzHg5P/66Ht6uoUlHu9EZod+inXhKo3qQgwXUT/y1w==",
      "license": "MIT",
      "dependencies": {
        "buffer-from": "^1.0.0",
        "source-map": "^0.6.0"
      }
    },
    "node_modules/statuses": {
      "version": "2.0.2",
      "resolved": "https://registry.npmjs.org/statuses/-/statuses-2.0.2.tgz",
      "integrity": "sha512-DvEy55V3DB7uknRo+4iOGT5fP1slR8wQohVdknigZPMpMstaKJQWhwiYBACJE3Ul2pTnATihhBYnRhZQHGBiRw==",
      "license": "MIT",
      "engines": {
        "node": ">= 0.8"
      }
    },
    "node_modules/to-data-view": {
      "version": "2.0.0",
      "resolved": "https://registry.npmjs.org/to-data-view/-/to-data-view-2.0.0.tgz",
      "integrity": "sha512-RGEM5KqlPHr+WVTPmGNAXNeFEmsBnlkxXaIfEpUYV0AST2Z5W1EGq9L/MENFrMMmL2WQr1wjkmZy/M92eKhjYA==",
      "license": "MIT",
      "engines": {
        "node": "^12.20.0 || ^14.13.1 || >=16.0.0"
      }
    },
    "node_modules/toidentifier": {
      "version": "1.0.1",
      "resolved": "https://registry.npmjs.org/toidentifier/-/toidentifier-1.0.1.tgz",
      "integrity": "sha512-o5sSPKEkg/DIQNmH43V0/uerLrpzVedkUh8tGNvaeXpfpuwjKenlSox/2O/BTlZUtEe+JG7s5YhEz608PlAHRA==",
      "license": "MIT",
      "engines": {
        "node": ">=0.6"
      }
    },
    "node_modules/wbn": {
      "version": "0.0.9",
      "resolved": "https://registry.npmjs.org/wbn/-/wbn-0.0.9.tgz",
      "integrity": "sha512-q/nuD6VVfOQOpQF9x6g1imfyzSxhHiRcABtTddD2CN/E+N+yfzf5G6XLHIYaajI7VMgSF8iXGsW6/MFc7Onrdg==",
      "license": "W3C-20150513",
      "dependencies": {
        "cborg": "^1.9.4",
        "commander": "^4.0.1",
        "mime": "^2.4.4"
      },
      "bin": {
        "wbn": "bin/wbn.js"
      },
      "engines": {
        "node": ">= 12.0.0"
      }
    },
    "node_modules/wbn-sign": {
      "version": "0.3.1",
      "resolved": "https://registry.npmjs.org/wbn-sign/-/wbn-sign-0.3.1.tgz",
      "integrity": "sha512-GZP39QCHgMa/kNBBPSH+i1bkdFsH79UZjZQ5VG2XGjHr+eFB+VqbsA9CMDmxk54+YNIAEfLSRK0UGEFDE2LVWA==",
      "license": "W3C-20150513",
      "dependencies": {
        "base32-encode": "^2.0.0",
        "cborg": "^4.2.14",
        "commander": "^14.0.0",
        "picocolors": "^1.1.1",
        "read": "^2.0.0"
      },
      "bin": {
        "wbn-dump-id": "bin/wbn-dump-id.js",
        "wbn-sign": "bin/wbn-sign.js"
      },
      "engines": {
        "node": ">= 22.13.0",
        "npm": ">= 10.0.0"
      }
    },
    "node_modules/wbn-sign/node_modules/cborg": {
      "version": "4.5.8",
      "resolved": "https://registry.npmjs.org/cborg/-/cborg-4.5.8.tgz",
      "integrity": "sha512-6/viltD51JklRhq4L7jC3zgy6gryuG5xfZ3kzpE+PravtyeQLeQmCYLREhQH7pWENg5pY4Yu/XCd6a7dKScVlw==",
      "license": "Apache-2.0",
      "bin": {
        "cborg": "lib/bin.js"
      }
    },
    "node_modules/wbn-sign/node_modules/commander": {
      "version": "14.0.3",
      "resolved": "https://registry.npmjs.org/commander/-/commander-14.0.3.tgz",
      "integrity": "sha512-H+y0Jo/T1RZ9qPP4Eh1pkcQcLRglraJaSLoyOtHxu6AapkjWVCy2Sit1QQ4x3Dng8qDlSsZEet7g5Pq06MvTgw==",
      "license": "MIT",
      "engines": {
        "node": ">=20"
      }
    },
    "node_modules/ws": {
      "version": "8.22.0",
      "resolved": "https://registry.npmjs.org/ws/-/ws-8.22.0.tgz",
      "integrity": "sha512-Ydggc987+RO0AnWtZ/7Wq9FtNvcrL1b/RO0ud9mWjUPgDrsAAwQSF51sm2hm1XofbU/4jkpGEsLFsZZxU+1DOg==",
      "license": "MIT",
      "engines": {
        "node": ">=10.0.0"
      },
      "peerDependencies": {
        "bufferutil": "^4.0.1",
        "utf-8-validate": ">=5.0.2"
      },
      "peerDependenciesMeta": {
        "bufferutil": {
          "optional": true
        },
        "utf-8-validate": {
          "optional": true
        }
      }
    }
  }
}
